
Microsoft Visual Studio Solution File, Format Version 12.00
# Visual Studio Version 16
VisualStudioVersion = 16.0.30128.74
MinimumVisualStudioVersion = 10.0.40219.1
Project("{FAE04EC0-301F-11D3-BF4B-00C04F79EFBC}") = "Chapter4Studio", "Chapter4Studio\Chapter4Studio.csproj", "{1F499F63-93C8-47CD-AD3B-730C8977B131}"
EndProject
Global
	GlobalSection(SolutionConfigurationPlatforms) = preSolution
		Debug|Any CPU = Debug|Any CPU
		Release|Any CPU = Release|Any CPU
	EndGlobalSection
	GlobalSection(ProjectConfigurationPlatforms) = postSolution
		{1F499F63-93C8-47CD-AD3B-730C8977B131}.Debug|Any CPU.ActiveCfg = Debug|Any CPU
		{1F499F63-93C8-47CD-AD3B-730C8977B131}.Debug|Any CPU.Build.0 = Debug|Any CPU
		{1F499F63-93C8-47CD-AD3B-730C8977B131}.Release|Any CPU.ActiveCfg = Release|Any CPU
		{1F499F63-93C8-47CD-AD3B-730C8977B131}.Release|Any CPU.Build.0 = Release|Any CPU
	EndGlobalSection
	GlobalSection(SolutionProperties) = preSolution
		HideSolutionNode = FALSE
	EndGlobalSection
	GlobalSection(ExtensibilityGlobals) = postSolution
		SolutionGuid = {D4BFE38D-CAC7-44D9-9AF5-B8D957A5710D}
	EndGlobalSection
EndGlobal
